
Microsoft Visual Studio Solution File, Format Version 12.00
# Visual Studio Version 17
VisualStudioVersion = 17.4.33103.184
MinimumVisualStudioVersion = 10.0.40219.1
Project("{FAE04EC0-301F-11D3-BF4B-00C04F79EFBC}") = "M_15_Recuperaçáo", "M_15_Recuperaçáo\M_15_Recuperaçáo.csproj", "{55783583-CD3B-4739-9051-98D979BCF2D9}"
EndProject
Global
	GlobalSection(SolutionConfigurationPlatforms) = preSolution
		Debug|Any CPU = Debug|Any CPU
		Release|Any CPU = Release|Any CPU
	EndGlobalSection
	GlobalSection(ProjectConfigurationPlatforms) = postSolution
		{55783583-CD3B-4739-9051-98D979BCF2D9}.Debug|Any CPU.ActiveCfg = Debug|Any CPU
		{55783583-CD3B-4739-9051-98D979BCF2D9}.Debug|Any CPU.Build.0 = Debug|Any CPU
		{55783583-CD3B-4739-9051-98D979BCF2D9}.Release|Any CPU.ActiveCfg = Release|Any CPU
		{55783583-CD3B-4739-9051-98D979BCF2D9}.Release|Any CPU.Build.0 = Release|Any CPU
	EndGlobalSection
	GlobalSection(SolutionProperties) = preSolution
		HideSolutionNode = FALSE
	EndGlobalSection
	GlobalSection(ExtensibilityGlobals) = postSolution
		SolutionGuid = {304B4660-8033-4EC6-82F5-B55F7073409D}
	EndGlobalSection
EndGlobal
