
Microsoft Visual Studio Solution File, Format Version 12.00
# Visual Studio Version 17
VisualStudioVersion = 17.4.33103.184
MinimumVisualStudioVersion = 10.0.40219.1
Project("{FAE04EC0-301F-11D3-BF4B-00C04F79EFBC}") = "M17_AB_Projeto", "M17_AB_Projeto\M17_AB_Projeto.csproj", "{71C727CC-F125-4DE8-9265-57FDBB78C202}"
EndProject
Global
	GlobalSection(SolutionConfigurationPlatforms) = preSolution
		Debug|Any CPU = Debug|Any CPU
		Release|Any CPU = Release|Any CPU
	EndGlobalSection
	GlobalSection(ProjectConfigurationPlatforms) = postSolution
		{71C727CC-F125-4DE8-9265-57FDBB78C202}.Debug|Any CPU.ActiveCfg = Debug|Any CPU
		{71C727CC-F125-4DE8-9265-57FDBB78C202}.Debug|Any CPU.Build.0 = Debug|Any CPU
		{71C727CC-F125-4DE8-9265-57FDBB78C202}.Release|Any CPU.ActiveCfg = Release|Any CPU
		{71C727CC-F125-4DE8-9265-57FDBB78C202}.Release|Any CPU.Build.0 = Release|Any CPU
	EndGlobalSection
	GlobalSection(SolutionProperties) = preSolution
		HideSolutionNode = FALSE
	EndGlobalSection
	GlobalSection(ExtensibilityGlobals) = postSolution
		SolutionGuid = {5936AE76-A98A-43BF-99C7-37A7A1BA0A0E}
	EndGlobalSection
EndGlobal
